
Microsoft Visual Studio Solution File, Format Version 12.00
# Visual Studio Version 17
VisualStudioVersion = 17.8.34330.188
MinimumVisualStudioVersion = 10.0.40219.1
Project("{FAE04EC0-301F-11D3-BF4B-00C04F79EFBC}") = "CRUD_Form", "CRUD_Form\CRUD_Form.csproj", "{CC31E2FF-1331-46D0-919F-DCBF88677049}"
EndProject
Global
	GlobalSection(SolutionConfigurationPlatforms) = preSolution
		Debug|Any CPU = Debug|Any CPU
		Release|Any CPU = Release|Any CPU
	EndGlobalSection
	GlobalSection(ProjectConfigurationPlatforms) = postSolution
		{CC31E2FF-1331-46D0-919F-DCBF88677049}.Debug|Any CPU.ActiveCfg = Debug|Any CPU
		{CC31E2FF-1331-46D0-919F-DCBF88677049}.Debug|Any CPU.Build.0 = Debug|Any CPU
		{CC31E2FF-1331-46D0-919F-DCBF88677049}.Release|Any CPU.ActiveCfg = Release|Any CPU
		{CC31E2FF-1331-46D0-919F-DCBF88677049}.Release|Any CPU.Build.0 = Release|Any CPU
	EndGlobalSection
	GlobalSection(SolutionProperties) = preSolution
		HideSolutionNode = FALSE
	EndGlobalSection
	GlobalSection(ExtensibilityGlobals) = postSolution
		SolutionGuid = {9CF3A8F2-36F8-40EC-983A-833EA265799F}
	EndGlobalSection
EndGlobal
