
Microsoft Visual Studio Solution File, Format Version 12.00
# Visual Studio Version 17
VisualStudioVersion = 17.8.34330.188
MinimumVisualStudioVersion = 10.0.40219.1
Project("{FAE04EC0-301F-11D3-BF4B-00C04F79EFBC}") = "Project22", "Project22\Project22.csproj", "{73354ECA-3882-4E41-BCE9-CCFE65AA2393}"
EndProject
Global
	GlobalSection(SolutionConfigurationPlatforms) = preSolution
		Debug|Any CPU = Debug|Any CPU
		Release|Any CPU = Release|Any CPU
	EndGlobalSection
	GlobalSection(ProjectConfigurationPlatforms) = postSolution
		{73354ECA-3882-4E41-BCE9-CCFE65AA2393}.Debug|Any CPU.ActiveCfg = Debug|Any CPU
		{73354ECA-3882-4E41-BCE9-CCFE65AA2393}.Debug|Any CPU.Build.0 = Debug|Any CPU
		{73354ECA-3882-4E41-BCE9-CCFE65AA2393}.Release|Any CPU.ActiveCfg = Release|Any CPU
		{73354ECA-3882-4E41-BCE9-CCFE65AA2393}.Release|Any CPU.Build.0 = Release|Any CPU
	EndGlobalSection
	GlobalSection(SolutionProperties) = preSolution
		HideSolutionNode = FALSE
	EndGlobalSection
	GlobalSection(ExtensibilityGlobals) = postSolution
		SolutionGuid = {8B435D64-4C29-423E-BD2A-0B3C1D8B9663}
	EndGlobalSection
EndGlobal
