
Microsoft Visual Studio Solution File, Format Version 12.00
# Visual Studio Version 17
VisualStudioVersion = 17.8.34330.188
MinimumVisualStudioVersion = 10.0.40219.1
Project("{FAE04EC0-301F-11D3-BF4B-00C04F79EFBC}") = "Project13", "Project13\Project13.csproj", "{B4B9BD38-E384-4BFB-A6E3-279216CB248E}"
EndProject
Global
	GlobalSection(SolutionConfigurationPlatforms) = preSolution
		Debug|Any CPU = Debug|Any CPU
		Release|Any CPU = Release|Any CPU
	EndGlobalSection
	GlobalSection(ProjectConfigurationPlatforms) = postSolution
		{B4B9BD38-E384-4BFB-A6E3-279216CB248E}.Debug|Any CPU.ActiveCfg = Debug|Any CPU
		{B4B9BD38-E384-4BFB-A6E3-279216CB248E}.Debug|Any CPU.Build.0 = Debug|Any CPU
		{B4B9BD38-E384-4BFB-A6E3-279216CB248E}.Release|Any CPU.ActiveCfg = Release|Any CPU
		{B4B9BD38-E384-4BFB-A6E3-279216CB248E}.Release|Any CPU.Build.0 = Release|Any CPU
	EndGlobalSection
	GlobalSection(SolutionProperties) = preSolution
		HideSolutionNode = FALSE
	EndGlobalSection
	GlobalSection(ExtensibilityGlobals) = postSolution
		SolutionGuid = {0562B430-57D6-40E4-91CD-2F67E5BCF222}
	EndGlobalSection
EndGlobal
